
Microsoft Visual Studio Solution File, Format Version 12.00
# Visual Studio Version 17
VisualStudioVersion = 17.10.35027.167
MinimumVisualStudioVersion = 10.0.40219.1
Project("{FAE04EC0-301F-11D3-BF4B-00C04F79EFBC}") = "grade-Calculator", "grade-Calculator\grade-Calculator.csproj", "{C705BA85-631B-4721-B107-A0BF5CD1E263}"
EndProject
Global
	GlobalSection(SolutionConfigurationPlatforms) = preSolution
		Debug|Any CPU = Debug|Any CPU
		Release|Any CPU = Release|Any CPU
	EndGlobalSection
	GlobalSection(ProjectConfigurationPlatforms) = postSolution
		{C705BA85-631B-4721-B107-A0BF5CD1E263}.Debug|Any CPU.ActiveCfg = Debug|Any CPU
		{C705BA85-631B-4721-B107-A0BF5CD1E263}.Debug|Any CPU.Build.0 = Debug|Any CPU
		{C705BA85-631B-4721-B107-A0BF5CD1E263}.Release|Any CPU.ActiveCfg = Release|Any CPU
		{C705BA85-631B-4721-B107-A0BF5CD1E263}.Release|Any CPU.Build.0 = Release|Any CPU
	EndGlobalSection
	GlobalSection(SolutionProperties) = preSolution
		HideSolutionNode = FALSE
	EndGlobalSection
	GlobalSection(ExtensibilityGlobals) = postSolution
		SolutionGuid = {5C3DBFAA-510C-41DC-A984-9C04D9D5876D}
	EndGlobalSection
EndGlobal
